
Microsoft Visual Studio Solution File, Format Version 12.00
# Visual Studio 15
VisualStudioVersion = 15.0.28307.1972
MinimumVisualStudioVersion = 10.0.40219.1
Project("{FAE04EC0-301F-11D3-BF4B-00C04F79EFBC}") = "RMWManagement", "RMWManagement\RMWManagement.csproj", "{4C4561EB-F690-4E13-AB3A-A9FC01A73BC0}"
EndProject
Global
	GlobalSection(SolutionConfigurationPlatforms) = preSolution
		Debug|Any CPU = Debug|Any CPU
		Release|Any CPU = Release|Any CPU
	EndGlobalSection
	GlobalSection(ProjectConfigurationPlatforms) = postSolution
		{4C4561EB-F690-4E13-AB3A-A9FC01A73BC0}.Debug|Any CPU.ActiveCfg = Debug|Any CPU
		{4C4561EB-F690-4E13-AB3A-A9FC01A73BC0}.Debug|Any CPU.Build.0 = Debug|Any CPU
		{4C4561EB-F690-4E13-AB3A-A9FC01A73BC0}.Release|Any CPU.ActiveCfg = Release|Any CPU
		{4C4561EB-F690-4E13-AB3A-A9FC01A73BC0}.Release|Any CPU.Build.0 = Release|Any CPU
	EndGlobalSection
	GlobalSection(SolutionProperties) = preSolution
		HideSolutionNode = FALSE
	EndGlobalSection
	GlobalSection(ExtensibilityGlobals) = postSolution
		SolutionGuid = {C897733D-2842-4CC0-BBFB-91D6561CFB36}
	EndGlobalSection
EndGlobal
